
Microsoft Visual Studio Solution File, Format Version 12.00
# Visual Studio Version 17
VisualStudioVersion = 17.5.33414.496
MinimumVisualStudioVersion = 10.0.40219.1
Project("{FAE04EC0-301F-11D3-BF4B-00C04F79EFBC}") = "ExercicioEnum", "ExercicioEnum\ExercicioEnum.csproj", "{6DD548CB-CAE1-4614-A943-2F8DC31A4122}"
EndProject
Global
	GlobalSection(SolutionConfigurationPlatforms) = preSolution
		Debug|Any CPU = Debug|Any CPU
		Release|Any CPU = Release|Any CPU
	EndGlobalSection
	GlobalSection(ProjectConfigurationPlatforms) = postSolution
		{6DD548CB-CAE1-4614-A943-2F8DC31A4122}.Debug|Any CPU.ActiveCfg = Debug|Any CPU
		{6DD548CB-CAE1-4614-A943-2F8DC31A4122}.Debug|Any CPU.Build.0 = Debug|Any CPU
		{6DD548CB-CAE1-4614-A943-2F8DC31A4122}.Release|Any CPU.ActiveCfg = Release|Any CPU
		{6DD548CB-CAE1-4614-A943-2F8DC31A4122}.Release|Any CPU.Build.0 = Release|Any CPU
	EndGlobalSection
	GlobalSection(SolutionProperties) = preSolution
		HideSolutionNode = FALSE
	EndGlobalSection
	GlobalSection(ExtensibilityGlobals) = postSolution
		SolutionGuid = {C3850569-83CB-4CF2-8248-113A18F49C1D}
	EndGlobalSection
EndGlobal
