
Microsoft Visual Studio Solution File, Format Version 12.00
# Visual Studio Version 17
VisualStudioVersion = 17.5.33414.496
MinimumVisualStudioVersion = 10.0.40219.1
Project("{FAE04EC0-301F-11D3-BF4B-00C04F79EFBC}") = "SalesWebMvc", "SalesWebMvc\SalesWebMvc.csproj", "{F45E1C92-2AFB-445A-95BC-96118F7AF234}"
EndProject
Global
	GlobalSection(SolutionConfigurationPlatforms) = preSolution
		Debug|Any CPU = Debug|Any CPU
		Release|Any CPU = Release|Any CPU
	EndGlobalSection
	GlobalSection(ProjectConfigurationPlatforms) = postSolution
		{F45E1C92-2AFB-445A-95BC-96118F7AF234}.Debug|Any CPU.ActiveCfg = Debug|Any CPU
		{F45E1C92-2AFB-445A-95BC-96118F7AF234}.Debug|Any CPU.Build.0 = Debug|Any CPU
		{F45E1C92-2AFB-445A-95BC-96118F7AF234}.Release|Any CPU.ActiveCfg = Release|Any CPU
		{F45E1C92-2AFB-445A-95BC-96118F7AF234}.Release|Any CPU.Build.0 = Release|Any CPU
	EndGlobalSection
	GlobalSection(SolutionProperties) = preSolution
		HideSolutionNode = FALSE
	EndGlobalSection
	GlobalSection(ExtensibilityGlobals) = postSolution
		SolutionGuid = {41544362-B7F1-419D-BDA8-C94A8ABEFF0E}
	EndGlobalSection
EndGlobal
